
Microsoft Visual Studio Solution File, Format Version 12.00
# Visual Studio Version 16
VisualStudioVersion = 16.0.28803.452
MinimumVisualStudioVersion = 10.0.40219.1
Project("{2150E333-8FDC-42A3-9474-1A3956D46DE8}") = "src", "src", "{AE4F3E95-31D4-4495-841E-0D9AFD863ED9}"
EndProject
Project("{2150E333-8FDC-42A3-9474-1A3956D46DE8}") = "test", "test", "{06561351-A0CE-411B-888E-28F1B7871AAC}"
EndProject
Project("{9A19103F-16F7-4668-BE54-9A1E7A4F7556}") = "NoteTaker.API", "src\NoteTaker.API\NoteTaker.API.csproj", "{DA6293F7-00B5-4783-B483-8A603411A3AA}"
EndProject
Project("{9A19103F-16F7-4668-BE54-9A1E7A4F7556}") = "NoteTaker.API.Tests", "test\NoteTaker.API.Tests\NoteTaker.API.Tests.csproj", "{EBC0C65F-6D6E-414D-9F41-B0780AF8BA03}"
EndProject
Project("{9A19103F-16F7-4668-BE54-9A1E7A4F7556}") = "NoteTaker.Core", "src\NoteTaker.Core\NoteTaker.Core.csproj", "{76AE2CC3-8546-4A10-8D69-A6145849E620}"
EndProject
Project("{9A19103F-16F7-4668-BE54-9A1E7A4F7556}") = "NoteTaker.DAL", "src\NoteTaker.DAL\NoteTaker.DAL.csproj", "{E19EF7FA-8D14-4E1B-A557-0EE750104766}"
EndProject
Project("{FAE04EC0-301F-11D3-BF4B-00C04F79EFBC}") = "NoteTaker.Core.Tests", "test\NoteTaker.Core.Tests\NoteTaker.Core.Tests.csproj", "{2B7BE476-4187-4708-A962-8A6493CEFB38}"
EndProject
Global
	GlobalSection(SolutionConfigurationPlatforms) = preSolution
		Debug|Any CPU = Debug|Any CPU
		Release|Any CPU = Release|Any CPU
	EndGlobalSection
	GlobalSection(ProjectConfigurationPlatforms) = postSolution
		{DA6293F7-00B5-4783-B483-8A603411A3AA}.Debug|Any CPU.ActiveCfg = Debug|Any CPU
		{DA6293F7-00B5-4783-B483-8A603411A3AA}.Debug|Any CPU.Build.0 = Debug|Any CPU
		{DA6293F7-00B5-4783-B483-8A603411A3AA}.Release|Any CPU.ActiveCfg = Release|Any CPU
		{DA6293F7-00B5-4783-B483-8A603411A3AA}.Release|Any CPU.Build.0 = Release|Any CPU
		{EBC0C65F-6D6E-414D-9F41-B0780AF8BA03}.Debug|Any CPU.ActiveCfg = Debug|Any CPU
		{EBC0C65F-6D6E-414D-9F41-B0780AF8BA03}.Debug|Any CPU.Build.0 = Debug|Any CPU
		{EBC0C65F-6D6E-414D-9F41-B0780AF8BA03}.Release|Any CPU.ActiveCfg = Release|Any CPU
		{EBC0C65F-6D6E-414D-9F41-B0780AF8BA03}.Release|Any CPU.Build.0 = Release|Any CPU
		{76AE2CC3-8546-4A10-8D69-A6145849E620}.Debug|Any CPU.ActiveCfg = Debug|Any CPU
		{76AE2CC3-8546-4A10-8D69-A6145849E620}.Debug|Any CPU.Build.0 = Debug|Any CPU
		{76AE2CC3-8546-4A10-8D69-A6145849E620}.Release|Any CPU.ActiveCfg = Release|Any CPU
		{76AE2CC3-8546-4A10-8D69-A6145849E620}.Release|Any CPU.Build.0 = Release|Any CPU
		{E19EF7FA-8D14-4E1B-A557-0EE750104766}.Debug|Any CPU.ActiveCfg = Debug|Any CPU
		{E19EF7FA-8D14-4E1B-A557-0EE750104766}.Debug|Any CPU.Build.0 = Debug|Any CPU
		{E19EF7FA-8D14-4E1B-A557-0EE750104766}.Release|Any CPU.ActiveCfg = Release|Any CPU
		{E19EF7FA-8D14-4E1B-A557-0EE750104766}.Release|Any CPU.Build.0 = Release|Any CPU
		{2B7BE476-4187-4708-A962-8A6493CEFB38}.Debug|Any CPU.ActiveCfg = Debug|Any CPU
		{2B7BE476-4187-4708-A962-8A6493CEFB38}.Debug|Any CPU.Build.0 = Debug|Any CPU
		{2B7BE476-4187-4708-A962-8A6493CEFB38}.Release|Any CPU.ActiveCfg = Release|Any CPU
		{2B7BE476-4187-4708-A962-8A6493CEFB38}.Release|Any CPU.Build.0 = Release|Any CPU
	EndGlobalSection
	GlobalSection(SolutionProperties) = preSolution
		HideSolutionNode = FALSE
	EndGlobalSection
	GlobalSection(NestedProjects) = preSolution
		{DA6293F7-00B5-4783-B483-8A603411A3AA} = {AE4F3E95-31D4-4495-841E-0D9AFD863ED9}
		{EBC0C65F-6D6E-414D-9F41-B0780AF8BA03} = {06561351-A0CE-411B-888E-28F1B7871AAC}
		{76AE2CC3-8546-4A10-8D69-A6145849E620} = {AE4F3E95-31D4-4495-841E-0D9AFD863ED9}
		{E19EF7FA-8D14-4E1B-A557-0EE750104766} = {AE4F3E95-31D4-4495-841E-0D9AFD863ED9}
		{2B7BE476-4187-4708-A962-8A6493CEFB38} = {06561351-A0CE-411B-888E-28F1B7871AAC}
	EndGlobalSection
	GlobalSection(ExtensibilityGlobals) = postSolution
		SolutionGuid = {03F1E1EA-B3CA-4E78-8934-2ADA43DE42FE}
	EndGlobalSection
EndGlobal
